
Microsoft Visual Studio Solution File, Format Version 12.00
# Visual Studio Version 17
VisualStudioVersion = 17.11.35303.130
MinimumVisualStudioVersion = 10.0.40219.1
Project("{FAE04EC0-301F-11D3-BF4B-00C04F79EFBC}") = "Bai14", "Bai14\Bai14.csproj", "{667C07EC-040A-470E-B7D8-9AEAD3CADE01}"
EndProject
Global
	GlobalSection(SolutionConfigurationPlatforms) = preSolution
		Debug|Any CPU = Debug|Any CPU
		Release|Any CPU = Release|Any CPU
	EndGlobalSection
	GlobalSection(ProjectConfigurationPlatforms) = postSolution
		{667C07EC-040A-470E-B7D8-9AEAD3CADE01}.Debug|Any CPU.ActiveCfg = Debug|Any CPU
		{667C07EC-040A-470E-B7D8-9AEAD3CADE01}.Debug|Any CPU.Build.0 = Debug|Any CPU
		{667C07EC-040A-470E-B7D8-9AEAD3CADE01}.Release|Any CPU.ActiveCfg = Release|Any CPU
		{667C07EC-040A-470E-B7D8-9AEAD3CADE01}.Release|Any CPU.Build.0 = Release|Any CPU
	EndGlobalSection
	GlobalSection(SolutionProperties) = preSolution
		HideSolutionNode = FALSE
	EndGlobalSection
	GlobalSection(ExtensibilityGlobals) = postSolution
		SolutionGuid = {8FF922E6-2A27-429D-8C5C-F33BB59302AC}
	EndGlobalSection
EndGlobal
