
Microsoft Visual Studio Solution File, Format Version 12.00
# Visual Studio Version 17
VisualStudioVersion = 17.11.35303.130
MinimumVisualStudioVersion = 10.0.40219.1
Project("{FAE04EC0-301F-11D3-BF4B-00C04F79EFBC}") = "Bai11", "Bai11\Bai11.csproj", "{47F20BD4-1946-423B-874F-4763432BC279}"
EndProject
Global
	GlobalSection(SolutionConfigurationPlatforms) = preSolution
		Debug|Any CPU = Debug|Any CPU
		Release|Any CPU = Release|Any CPU
	EndGlobalSection
	GlobalSection(ProjectConfigurationPlatforms) = postSolution
		{47F20BD4-1946-423B-874F-4763432BC279}.Debug|Any CPU.ActiveCfg = Debug|Any CPU
		{47F20BD4-1946-423B-874F-4763432BC279}.Debug|Any CPU.Build.0 = Debug|Any CPU
		{47F20BD4-1946-423B-874F-4763432BC279}.Release|Any CPU.ActiveCfg = Release|Any CPU
		{47F20BD4-1946-423B-874F-4763432BC279}.Release|Any CPU.Build.0 = Release|Any CPU
	EndGlobalSection
	GlobalSection(SolutionProperties) = preSolution
		HideSolutionNode = FALSE
	EndGlobalSection
	GlobalSection(ExtensibilityGlobals) = postSolution
		SolutionGuid = {5D5F85CF-7733-49FE-B7AC-47A729D1D2AF}
	EndGlobalSection
EndGlobal
